github.com/aws/aws-lambda-go v1.34.1 h1:M3a/uFYBjii+tDcOJ0wL/WyFi2550FHoECdPf27zvOs=
github.com/aws/aws-lambda-go v1.34.1/go.mod h1:jwFe2KmMsHmffA1X2R09hH6lFzJQxzI8qK17ewzbQMM=
github.com/aws/aws-lambda-go v1.35.0 h1:iocVDy5Cw5SCRrKOPHwarkdFwwy48OkfmHoE6SJ3ATg=
github.com/aws/aws-lambda-go v1.35.0/go.mod h1:jwFe2KmMsHmffA1X2R09hH6lFzJQxzI8qK17ewzbQMM=
github.com/aws/aws-lambda-go v1.36.0 h1:NWBWBJgavrQOjF1uKDG5D7Qs5y5o75HcrjfA16Hwfak=
github.com/aws/aws-lambda-go v1.36.0/go.mod h1:jwFe2KmMsHmffA1X2R09hH6lFzJQxzI8qK17ewzbQMM=
github.com/aws/aws-lambda-go v1.36.1 h1:CJxGkL9uKszIASRDxzcOcLX6juzTLoTKtCIgUGcTjTU=
github.com/aws/aws-lambda-go v1.36.1/go.mod h1:jwFe2KmMsHmffA1X2R09hH6lFzJQxzI8qK17ewzbQMM=
github.com/aws/aws-lambda-go v1.37.0 h1:WXkQ/xhIcXZZ2P5ZBEw+bbAKeCEcb5NtiYpSwVVzIXg=
github.com/aws/aws-lambda-go v1.37.0/go.mod h1:jwFe2KmMsHmffA1X2R09hH6lFzJQxzI8qK17ewzbQMM=
github.com/aws/aws-lambda-go v1.38.0 h1:4CUdxGzvuQp0o8Zh7KtupB9XvCiiY8yKqJtzco+gsDw=
github.com/aws/aws-lambda-go v1.38.0/go.mod h1:jwFe2KmMsHmffA1X2R09hH6lFzJQxzI8qK17ewzbQMM=
github.com/aws/aws-lambda-go v1.39.1 h1:UcuX9O3JqhQyP/rxPJEpTUUSehzqkNpwKKRFa9N+ozk=
github.com/aws/aws-lambda-go v1.39.1/go.mod h1:jwFe2KmMsHmffA1X2R09hH6lFzJQxzI8qK17ewzbQMM=
github.com/aws/aws-lambda-go v1.40.0 h1:6dKcDpXsTpapfCFF6Debng6CiV/Z3sNHekM6bwhI2J0=
github.com/aws/aws-lambda-go v1.40.0/go.mod h1:jwFe2KmMsHmffA1X2R09hH6lFzJQxzI8qK17ewzbQMM=
github.com/aws/aws-lambda-go v1.41.0 h1:l/5fyVb6Ud9uYd411xdHZzSf2n86TakxzpvIoz7l+3Y=
github.com/aws/aws-lambda-go v1.41.0/go.mod h1:jwFe2KmMsHmffA1X2R09hH6lFzJQxzI8qK17ewzbQMM=
github.com/aws/aws-sdk-go v1.44.126 h1:7HQJw2DNiwpxqMe2H7odGNT2rhO4SRrUe5/8dYXl0Jk=
github.com/aws/aws-sdk-go v1.44.126/go.mod h1:y4AeaBuwd2Lk+GepC1E9v0qOiTws0MIWAX4oIKwKHZo=
github.com/aws/aws-sdk-go v1.44.128 h1:X34pX5t0LIZXjBY11yf9JKMP3c1aZgirh+5PjtaZyJ4=
github.com/aws/aws-sdk-go v1.44.128/go.mod h1:y4AeaBuwd2Lk+GepC1E9v0qOiTws0MIWAX4oIKwKHZo=
github.com/aws/aws-sdk-go v1.44.131 h1:kd61x79ax0vyiC/SZ9X1hKh8E0pt1BUOOcVBJEFhxkg=
github.com/aws/aws-sdk-go v1.44.131/go.mod h1:aVsgQcEevwlmQ7qHE9I3h+dtQgpqhFB+i8Phjh7fkwI=
github.com/aws/aws-sdk-go v1.44.132 h1:+IjL9VoR0OXScQ5gyme9xjcolwUkd3uaH144f4Ao+4s=
github.com/aws/aws-sdk-go v1.44.132/go.mod h1:aVsgQcEevwlmQ7qHE9I3h+dtQgpqhFB+i8Phjh7fkwI=
github.com/aws/aws-sdk-go v1.44.133 h1:+pWxt9nyKc0jf33rORBaQ93KPjYpmIIy3ozVXdJ82Oo=
github.com/aws/aws-sdk-go v1.44.133/go.mod h1:aVsgQcEevwlmQ7qHE9I3h+dtQgpqhFB+i8Phjh7fkwI=
github.com/aws/aws-sdk-go v1.44.134 h1:TzFxjVHPPsibtkD7y6KHI4V00rEKg4yzNlMNGy2ZHeg=
github.com/aws/aws-sdk-go v1.44.134/go.mod h1:aVsgQcEevwlmQ7qHE9I3h+dtQgpqhFB+i8Phjh7fkwI=
github.com/aws/aws-sdk-go v1.44.135 h1:DJJP/CkEpgafA5p5jlY9VzDRyKrfABVixzIxrK/3tWU=
github.com/aws/aws-sdk-go v1.44.135/go.mod h1:aVsgQcEevwlmQ7qHE9I3h+dtQgpqhFB+i8Phjh7fkwI=
github.com/aws/aws-sdk-go v1.44.136 h1:J1KJJssa8pjU8jETYUxwRS37KTcxjACfKd9GK8t+5ZU=
github.com/aws/aws-sdk-go v1.44.136/go.mod h1:aVsgQcEevwlmQ7qHE9I3h+dtQgpqhFB+i8Phjh7fkwI=
github.com/aws/aws-sdk-go v1.44.137 h1:GH2bUPiW7/gHtB04NxQOSOrKqFNjLGKmqt5YaO+K1SE=
github.com/aws/aws-sdk-go v1.44.137/go.mod h1:aVsgQcEevwlmQ7qHE9I3h+dtQgpqhFB+i8Phjh7fkwI=
github.com/aws/aws-sdk-go v1.44.138 h1:9aoHAowstvD0s4cktYwT4Ok3oFLl3Hfbap8iFLamsdc=
github.com/aws/aws-sdk-go v1.44.138/go.mod h1:aVsgQcEevwlmQ7qHE9I3h+dtQgpqhFB+i8Phjh7fkwI=
github.com/aws/aws-sdk-go v1.44.139 h1:Mj/OZBy9RTbzJ8pfgK6rOL8xgUEAIn8pfIN6qWFtpAk=
github.com/aws/aws-sdk-go v1.44.139/go.mod h1:aVsgQcEevwlmQ7qHE9I3h+dtQgpqhFB+i8Phjh7fkwI=
github.com/aws/aws-sdk-go v1.44.140 h1:6MxVSiAORc6AG+oh6401TEgWHb1ZzFL8y6+eBLoJtdU=
github.com/aws/aws-sdk-go v1.44.140/go.mod h1:aVsgQcEevwlmQ7qHE9I3h+dtQgpqhFB+i8Phjh7fkwI=
github.com/aws/aws-sdk-go v1.44.142 h1:KZ1/FDwCSft1DuNllFaBtWpcG0CW2NgQjvOrE1TdlXE=
github.com/aws/aws-sdk-go v1.44.142/go.mod h1:aVsgQcEevwlmQ7qHE9I3h+dtQgpqhFB+i8Phjh7fkwI=
github.com/aws/aws-sdk-go v1.44.143 h1:5xN01uj7zV0VozeE/cxsHsNjSIooqmzVRX0omLxoO0w=
github.com/aws/aws-sdk-go v1.44.143/go.mod h1:aVsgQcEevwlmQ7qHE9I3h+dtQgpqhFB+i8Phjh7fkwI=
github.com/aws/aws-sdk-go v1.44.144 h1:mMWdnYL8HZsobrQe1mwvQ18Xt8UbOVhWgipjuma5Mkg=
github.com/aws/aws-sdk-go v1.44.144/go.mod h1:aVsgQcEevwlmQ7qHE9I3h+dtQgpqhFB+i8Phjh7fkwI=
github.com/aws/aws-sdk-go v1.44.145 h1:KMVRrIyjBsNz3xGPuHIRnhIuKlb5h3Ii5e5jbi3cgnc=
github.com/aws/aws-sdk-go v1.44.145/go.mod h1:aVsgQcEevwlmQ7qHE9I3h+dtQgpqhFB+i8Phjh7fkwI=
github.com/aws/aws-sdk-go v1.44.146 h1:7YdGgPxDPRJu/yYffzZp/H7yHzQ6AqmuNFZPYraaN8I=
github.com/aws/aws-sdk-go v1.44.146/go.mod h1:aVsgQcEevwlmQ7qHE9I3h+dtQgpqhFB+i8Phjh7fkwI=
github.com/aws/aws-sdk-go v1.44.147 h1:C/YQv0QAvRHio4cESBTFGh8aI/JM9VdRislDIOz/Dx4=
github.com/aws/aws-sdk-go v1.44.147/go.mod h1:aVsgQcEevwlmQ7qHE9I3h+dtQgpqhFB+i8Phjh7fkwI=
github.com/aws/aws-sdk-go v1.44.149 h1:zTWaUTbSjgMHvwhaQ91s/6ER8wMb3mA8M1GCZFO9QIo=
github.com/aws/aws-sdk-go v1.44.149/go.mod h1:aVsgQcEevwlmQ7qHE9I3h+dtQgpqhFB+i8Phjh7fkwI=
github.com/aws/aws-sdk-go v1.44.152 h1:L9aaepO8wHB67gwuGD8VgIYH/cmQDxieCt7FeLa0+fI=
github.com/aws/aws-sdk-go v1.44.152/go.mod h1:aVsgQcEevwlmQ7qHE9I3h+dtQgpqhFB+i8Phjh7fkwI=
github.com/aws/aws-sdk-go v1.44.153 h1:KfN5URb9O/Fk48xHrAinrPV2DzPcLa0cd9yo1ax5KGg=
github.com/aws/aws-sdk-go v1.44.153/go.mod h1:aVsgQcEevwlmQ7qHE9I3h+dtQgpqhFB+i8Phjh7fkwI=
github.com/aws/aws-sdk-go v1.44.157 h1:JVBPpEWC8+yA7CbfAuTl/ZFFlHS3yoqWFqxFyTCISwg=
github.com/aws/aws-sdk-go v1.44.157/go.mod h1:aVsgQcEevwlmQ7qHE9I3h+dtQgpqhFB+i8Phjh7fkwI=
github.com/aws/aws-sdk-go v1.44.158 h1:Q71ei9ijL3KuyQcLJA9TtuYy2gMLsLdVH5Q2ackBq3s=
github.com/aws/aws-sdk-go v1.44.158/go.mod h1:aVsgQcEevwlmQ7qHE9I3h+dtQgpqhFB+i8Phjh7fkwI=
github.com/aws/aws-sdk-go v1.44.159 h1:9odtuHAYQE9tQKyuX6ny1U1MHeH5/yzeCJi96g9H4DU=
github.com/aws/aws-sdk-go v1.44.159/go.mod h1:aVsgQcEevwlmQ7qHE9I3h+dtQgpqhFB+i8Phjh7fkwI=
github.com/aws/aws-sdk-go v1.44.160 h1:F41sWUel1CJ69ezoBGCg8sDyu9kyeKEpwmDrLXbCuyA=
github.com/aws/aws-sdk-go v1.44.160/go.mod h1:aVsgQcEevwlmQ7qHE9I3h+dtQgpqhFB+i8Phjh7fkwI=
github.com/aws/aws-sdk-go v1.44.161 h1:uZdZJ30mlbaU2wsrd/wzibrX01cbgKE2t486TtRjeHs=
github.com/aws/aws-sdk-go v1.44.161/go.mod h1:aVsgQcEevwlmQ7qHE9I3h+dtQgpqhFB+i8Phjh7fkwI=
github.com/aws/aws-sdk-go v1.44.162 h1:hKAd+X+/BLxVMzH+4zKxbQcQQGrk2UhFX0OTu1Mhon8=
github.com/aws/aws-sdk-go v1.44.162/go.mod h1:aVsgQcEevwlmQ7qHE9I3h+dtQgpqhFB+i8Phjh7fkwI=
github.com/aws/aws-sdk-go v1.44.163 h1:XO1A/Laqf/l0IxVPghaQzdnVwxofVFv00IlX0BpmbhQ=
github.com/aws/aws-sdk-go v1.44.163/go.mod h1:aVsgQcEevwlmQ7qHE9I3h+dtQgpqhFB+i8Phjh7fkwI=
github.com/aws/aws-sdk-go v1.44.164 h1:qDj0RutF2Ut0HZYyUJxFdReLxpYrjupsu2JmDIgCvX8=
github.com/aws/aws-sdk-go v1.44.164/go.mod h1:aVsgQcEevwlmQ7qHE9I3h+dtQgpqhFB+i8Phjh7fkwI=
github.com/aws/aws-sdk-go v1.44.165 h1:yaeKEU28EiSCp1T5XXinVA/qx9JFGbVZGUmj5COAMXI=
github.com/aws/aws-sdk-go v1.44.165/go.mod h1:aVsgQcEevwlmQ7qHE9I3h+dtQgpqhFB+i8Phjh7fkwI=
github.com/aws/aws-sdk-go v1.44.166 h1:oAn/wJYFoSF2e9iJYkqTlC9IY15ufPnKR1Zt8oZblhg=
github.com/aws/aws-sdk-go v1.44.166/go.mod h1:aVsgQcEevwlmQ7qHE9I3h+dtQgpqhFB+i8Phjh7fkwI=
github.com/aws/aws-sdk-go v1.44.167 h1:kQmBhGdZkQLU7AiHShSkBJ15zr8agy0QeaxXduvyp2E=
github.com/aws/aws-sdk-go v1.44.167/go.mod h1:aVsgQcEevwlmQ7qHE9I3h+dtQgpqhFB+i8Phjh7fkwI=
github.com/aws/aws-sdk-go v1.44.168 h1:/NNDLkjcgW8UrvAUk7QvQS9yzo/CFu9Zp4BCiPHoV+E=
github.com/aws/aws-sdk-go v1.44.168/go.mod h1:aVsgQcEevwlmQ7qHE9I3h+dtQgpqhFB+i8Phjh7fkwI=
github.com/aws/aws-sdk-go v1.44.169 h1:+UAazxZwfcuCVtJ6LVR1hX+EJW6BPsFFAZERhOtFNrM=
github.com/aws/aws-sdk-go v1.44.169/go.mod h1:aVsgQcEevwlmQ7qHE9I3h+dtQgpqhFB+i8Phjh7fkwI=
github.com/aws/aws-sdk-go v1.44.170 h1:9dGTB7XRHzDB8+1NOIg/QS/DhCWgIM/iMC1dlZv42CE=
github.com/aws/aws-sdk-go v1.44.170/go.mod h1:aVsgQcEevwlmQ7qHE9I3h+dtQgpqhFB+i8Phjh7fkwI=
github.com/aws/aws-sdk-go v1.44.171 h1:maREiPAmibvuONMOEZIkCH2OTosLRnDelceTtH3SYfo=
github.com/aws/aws-sdk-go v1.44.171/go.mod h1:aVsgQcEevwlmQ7qHE9I3h+dtQgpqhFB+i8Phjh7fkwI=
github.com/aws/aws-sdk-go v1.44.172 h1:JwhHWVkU/UUq8b4kc2ETzoYg6UXlSslK1EthXcXY8kI=
github.com/aws/aws-sdk-go v1.44.172/go.mod h1:aVsgQcEevwlmQ7qHE9I3h+dtQgpqhFB+i8Phjh7fkwI=
github.com/aws/aws-sdk-go v1.44.173 h1:8kXIxvQnBpGhmR3Eof6SnCKgR0q5/L/3Qbv9vAC5wic=
github.com/aws/aws-sdk-go v1.44.173/go.mod h1:aVsgQcEevwlmQ7qHE9I3h+dtQgpqhFB+i8Phjh7fkwI=
github.com/aws/aws-sdk-go v1.44.174 h1:9lR4a6MKQW/t6YCG0ZKAt1GAkjdEPP8sWch/pfcuR0c=
github.com/aws/aws-sdk-go v1.44.174/go.mod h1:aVsgQcEevwlmQ7qHE9I3h+dtQgpqhFB+i8Phjh7fkwI=
github.com/aws/aws-sdk-go v1.44.175 h1:c0NzHHnPXV5kJoTUFQxFN5cUPpX1SxO635XnwL5/oIY=
github.com/aws/aws-sdk-go v1.44.175/go.mod h1:aVsgQcEevwlmQ7qHE9I3h+dtQgpqhFB+i8Phjh7fkwI=
github.com/aws/aws-sdk-go v1.44.176 h1:mxcfI3IWHemX+5fEKt5uqIS/hdbaR7qzGfJYo5UyjJE=
github.com/aws/aws-sdk-go v1.44.176/go.mod h1:aVsgQcEevwlmQ7qHE9I3h+dtQgpqhFB+i8Phjh7fkwI=
github.com/aws/aws-sdk-go v1.44.177 h1:ckMJhU5Gj+4Rta+bJIUiUd7jvHom84aim3zkGPblq0s=
github.com/aws/aws-sdk-go v1.44.177/go.mod h1:aVsgQcEevwlmQ7qHE9I3h+dtQgpqhFB+i8Phjh7fkwI=
github.com/aws/aws-sdk-go v1.44.178 h1:4igreoWPEA7xVLnOeSXLhDXTsTSPKQONZcQ3llWAJw0=
github.com/aws/aws-sdk-go v1.44.178/go.mod h1:aVsgQcEevwlmQ7qHE9I3h+dtQgpqhFB+i8Phjh7fkwI=
github.com/aws/aws-sdk-go v1.44.179 h1:2mLZYSRc6awtjfD3XV+8NbuQWUVOo03/5VJ0tPenMJ0=
github.com/aws/aws-sdk-go v1.44.179/go.mod h1:aVsgQcEevwlmQ7qHE9I3h+dtQgpqhFB+i8Phjh7fkwI=
github.com/aws/aws-sdk-go v1.44.180 h1:VLZuAHI9fa/3WME5JjpVjcPCNfpGHVMiHx8sLHWhMgI=
github.com/aws/aws-sdk-go v1.44.180/go.mod h1:aVsgQcEevwlmQ7qHE9I3h+dtQgpqhFB+i8Phjh7fkwI=
github.com/aws/aws-sdk-go v1.44.181 h1:w4OzE8bwIVo62gUTAp/uEFO2HSsUtf1pjXpSs36cluY=
github.com/aws/aws-sdk-go v1.44.181/go.mod h1:aVsgQcEevwlmQ7qHE9I3h+dtQgpqhFB+i8Phjh7fkwI=
github.com/aws/aws-sdk-go v1.44.182 h1:DUEhWpWl4yTPgt142qwUfH1rYeB6KUCHDcpL7lF4+9M=
github.com/aws/aws-sdk-go v1.44.182/go.mod h1:aVsgQcEevwlmQ7qHE9I3h+dtQgpqhFB+i8Phjh7fkwI=
github.com/aws/aws-sdk-go v1.44.183 h1:mUk45JZTIMMg9m8GmrbvACCsIOKtKezXRxp06uI5Ahk=
github.com/aws/aws-sdk-go v1.44.183/go.mod h1:aVsgQcEevwlmQ7qHE9I3h+dtQgpqhFB+i8Phjh7fkwI=
github.com/aws/aws-sdk-go v1.44.184 h1:/MggyE66rOImXJKl1HqhLQITvWvqIV7w1Q4MaG6FHUo=
github.com/aws/aws-sdk-go v1.44.184/go.mod h1:aVsgQcEevwlmQ7qHE9I3h+dtQgpqhFB+i8Phjh7fkwI=
github.com/aws/aws-sdk-go v1.44.185 h1:stasiou+Ucx2A0RyXRyPph4sLCBxVQK7DPPK8tNcl5g=
github.com/aws/aws-sdk-go v1.44.185/go.mod h1:aVsgQcEevwlmQ7qHE9I3h+dtQgpqhFB+i8Phjh7fkwI=
github.com/aws/aws-sdk-go v1.44.186 h1:HInpD2b9FXgJIcP/WDRuSW4Wri9i5WVglO9okFFuOow=
github.com/aws/aws-sdk-go v1.44.186/go.mod h1:aVsgQcEevwlmQ7qHE9I3h+dtQgpqhFB+i8Phjh7fkwI=
github.com/aws/aws-sdk-go v1.44.187 h1:D5CsRomPnlwDHJCanL2mtaLIcbhjiWxNh5j8zvaWdJA=
github.com/aws/aws-sdk-go v1.44.187/go.mod h1:aVsgQcEevwlmQ7qHE9I3h+dtQgpqhFB+i8Phjh7fkwI=
github.com/aws/aws-sdk-go v1.44.188 h1:NCN6wFDWKU72Ka+f7cCk3HRj1KxkEXhRdr7lO8oBRRQ=
github.com/aws/aws-sdk-go v1.44.188/go.mod h1:aVsgQcEevwlmQ7qHE9I3h+dtQgpqhFB+i8Phjh7fkwI=
github.com/aws/aws-sdk-go v1.44.189 h1:9PBrjndH1uL5AN8818qI3duhQ4hgkMuLvqkJlg9MRyk=
github.com/aws/aws-sdk-go v1.44.189/go.mod h1:aVsgQcEevwlmQ7qHE9I3h+dtQgpqhFB+i8Phjh7fkwI=
github.com/aws/aws-sdk-go v1.44.190 h1:QC+Pf/Ooj7Waf2obOPZbIQOqr00hy4h54j3ZK9mvHcc=
github.com/aws/aws-sdk-go v1.44.190/go.mod h1:aVsgQcEevwlmQ7qHE9I3h+dtQgpqhFB+i8Phjh7fkwI=
github.com/aws/aws-sdk-go v1.44.191 h1:GnbkalCx/AgobaorDMFCa248acmk+91+aHBQOk7ljzU=
github.com/aws/aws-sdk-go v1.44.191/go.mod h1:aVsgQcEevwlmQ7qHE9I3h+dtQgpqhFB+i8Phjh7fkwI=
github.com/aws/aws-sdk-go v1.44.192 h1:KL54vCxRd5v5XBGjnF3FelzXXwl+aWHDmDTihFmRNgM=
github.com/aws/aws-sdk-go v1.44.192/go.mod h1:aVsgQcEevwlmQ7qHE9I3h+dtQgpqhFB+i8Phjh7fkwI=
github.com/aws/aws-sdk-go v1.44.193 h1:qJBu5TGkTcaKrl4SGRq4Qy/wEBk/Pi1y9TbB+T9Wz8U=
github.com/aws/aws-sdk-go v1.44.193/go.mod h1:aVsgQcEevwlmQ7qHE9I3h+dtQgpqhFB+i8Phjh7fkwI=
github.com/aws/aws-sdk-go v1.44.194 h1:1ZDK+QDcc5oRbZGgRZSz561eR8XVizXCeGpoZKo33NU=
github.com/aws/aws-sdk-go v1.44.194/go.mod h1:aVsgQcEevwlmQ7qHE9I3h+dtQgpqhFB+i8Phjh7fkwI=
github.com/aws/aws-sdk-go v1.44.195 h1:d5xFL0N83Fpsq2LFiHgtBUHknCRUPGHdOlCWt/jtOJs=
github.com/aws/aws-sdk-go v1.44.195/go.mod h1:aVsgQcEevwlmQ7qHE9I3h+dtQgpqhFB+i8Phjh7fkwI=
github.com/aws/aws-sdk-go v1.44.196 h1:e3h9M7fpnRHwHOohYmYjgVbcCBvkxKwZiT7fGrxRn28=
github.com/aws/aws-sdk-go v1.44.196/go.mod h1:aVsgQcEevwlmQ7qHE9I3h+dtQgpqhFB+i8Phjh7fkwI=
github.com/aws/aws-sdk-go v1.44.197 h1:pkg/NZsov9v/CawQWy+qWVzJMIZRQypCtYjUBXFomF8=
github.com/aws/aws-sdk-go v1.44.197/go.mod h1:aVsgQcEevwlmQ7qHE9I3h+dtQgpqhFB+i8Phjh7fkwI=
github.com/aws/aws-sdk-go v1.44.198 h1:kgnvxQv4/kP5M0nbxBx0Ac0so9ndr9f8Ti0g+NmPQF8=
github.com/aws/aws-sdk-go v1.44.198/go.mod h1:aVsgQcEevwlmQ7qHE9I3h+dtQgpqhFB+i8Phjh7fkwI=
github.com/aws/aws-sdk-go v1.44.199 h1:hYuQmS4zLMJR9v2iOp2UOD6Vi/0V+nwyR/Uhrkrtlbc=
github.com/aws/aws-sdk-go v1.44.199/go.mod h1:aVsgQcEevwlmQ7qHE9I3h+dtQgpqhFB+i8Phjh7fkwI=
github.com/aws/aws-sdk-go v1.44.200 h1:JcFf/BnOaMWe9ObjaklgbbF0bGXI4XbYJwYn2eFNVyQ=
github.com/aws/aws-sdk-go v1.44.200/go.mod h1:aVsgQcEevwlmQ7qHE9I3h+dtQgpqhFB+i8Phjh7fkwI=
github.com/aws/aws-sdk-go v1.44.201 h1:gKtyFyiVGh/uTW7sCQaoyU6XCUsnI8+WWKmbEaABCfw=
github.com/aws/aws-sdk-go v1.44.201/go.mod h1:aVsgQcEevwlmQ7qHE9I3h+dtQgpqhFB+i8Phjh7fkwI=
github.com/aws/aws-sdk-go v1.44.202 h1:nk/DtYoAS7zX4SbfiQEJO+C0GBN8ZxXrkD+BozwLvZk=
github.com/aws/aws-sdk-go v1.44.202/go.mod h1:aVsgQcEevwlmQ7qHE9I3h+dtQgpqhFB+i8Phjh7fkwI=
github.com/aws/aws-sdk-go v1.44.203 h1:pcsP805b9acL3wUqa4JR2vg1k2wnItkDYNvfmcy6F+U=
github.com/aws/aws-sdk-go v1.44.203/go.mod h1:aVsgQcEevwlmQ7qHE9I3h+dtQgpqhFB+i8Phjh7fkwI=
github.com/aws/aws-sdk-go v1.44.204 h1:7/tPUXfNOHB390A63t6fJIwmlwVQAkAwcbzKsU2/6OQ=
github.com/aws/aws-sdk-go v1.44.204/go.mod h1:aVsgQcEevwlmQ7qHE9I3h+dtQgpqhFB+i8Phjh7fkwI=
github.com/aws/aws-sdk-go v1.44.205 h1:q23NJXgLPIuBMn4zaluWWz57HPP5z7Ut8ZtK1D3N9bs=
github.com/aws/aws-sdk-go v1.44.205/go.mod h1:aVsgQcEevwlmQ7qHE9I3h+dtQgpqhFB+i8Phjh7fkwI=
github.com/aws/aws-sdk-go v1.44.206 h1:xC7O40wdnKH4A95KdYt+smXl9hig1vu9b3mFxAxUoak=
github.com/aws/aws-sdk-go v1.44.206/go.mod h1:aVsgQcEevwlmQ7qHE9I3h+dtQgpqhFB+i8Phjh7fkwI=
github.com/aws/aws-sdk-go v1.44.207 h1:7O0AMKxTm+/GUx6zw+3dqc+fD3tTzv8xaZPYo+ywRwE=
github.com/aws/aws-sdk-go v1.44.207/go.mod h1:aVsgQcEevwlmQ7qHE9I3h+dtQgpqhFB+i8Phjh7fkwI=
github.com/aws/aws-sdk-go v1.44.208 h1:xk1E2zWAIskrOP+huXuCYFR9ZdQWfTVid8Cjiwj2H1o=
github.com/aws/aws-sdk-go v1.44.208/go.mod h1:aVsgQcEevwlmQ7qHE9I3h+dtQgpqhFB+i8Phjh7fkwI=
github.com/aws/aws-sdk-go v1.44.215 h1:K3KERfO6MaV349idub2w1u1H0R0KSkED0LshPnaAn3Q=
github.com/aws/aws-sdk-go v1.44.215/go.mod h1:aVsgQcEevwlmQ7qHE9I3h+dtQgpqhFB+i8Phjh7fkwI=
github.com/aws/aws-sdk-go v1.44.216 h1:nDL5hEGBlUNHXMWbpP4dIyP8IB5tvRgksWE7biVu8JY=
github.com/aws/aws-sdk-go v1.44.216/go.mod h1:aVsgQcEevwlmQ7qHE9I3h+dtQgpqhFB+i8Phjh7fkwI=
github.com/aws/aws-sdk-go v1.44.217 h1:FcWC56MRl+k756aH3qeMQTylSdeJ58WN0iFz3fkyRz0=
github.com/aws/aws-sdk-go v1.44.217/go.mod h1:aVsgQcEevwlmQ7qHE9I3h+dtQgpqhFB+i8Phjh7fkwI=
github.com/aws/aws-sdk-go v1.44.218 h1:p707+xOCazWhkSpZOeyhtTcg7Z+asxxvueGgYPSitn4=
github.com/aws/aws-sdk-go v1.44.218/go.mod h1:aVsgQcEevwlmQ7qHE9I3h+dtQgpqhFB+i8Phjh7fkwI=
github.com/aws/aws-sdk-go v1.44.219 h1:YOFxTUQZvdRzgwb6XqLFRwNHxoUdKBuunITC7IFhvbc=
github.com/aws/aws-sdk-go v1.44.219/go.mod h1:aVsgQcEevwlmQ7qHE9I3h+dtQgpqhFB+i8Phjh7fkwI=
github.com/aws/aws-sdk-go v1.44.220 h1:yAj99qAt0Htjle9Up3DglgHfOP77lmFPrElA4jKnrBo=
github.com/aws/aws-sdk-go v1.44.220/go.mod h1:aVsgQcEevwlmQ7qHE9I3h+dtQgpqhFB+i8Phjh7fkwI=
github.com/aws/aws-sdk-go v1.44.221 h1:yndn4uvLolKXPoXIwKHhO5XtwlTnJfXLBKXs84C5+hQ=
github.com/aws/aws-sdk-go v1.44.221/go.mod h1:aVsgQcEevwlmQ7qHE9I3h+dtQgpqhFB+i8Phjh7fkwI=
github.com/aws/aws-sdk-go v1.44.222 h1:hagcC+MrGo60DKEbX0g6/ge4pIj7vBbsIb+vrhA/54I=
github.com/aws/aws-sdk-go v1.44.222/go.mod h1:aVsgQcEevwlmQ7qHE9I3h+dtQgpqhFB+i8Phjh7fkwI=
github.com/aws/aws-sdk-go v1.44.224 h1:09CiaaF35nRmxrzWZ2uRq5v6Ghg/d2RiPjZnSgtt+RQ=
github.com/aws/aws-sdk-go v1.44.224/go.mod h1:aVsgQcEevwlmQ7qHE9I3h+dtQgpqhFB+i8Phjh7fkwI=
github.com/aws/aws-sdk-go v1.44.225 h1:JNJpUg+M1cm4jtKnyex//Mw1Rv8QN/kWT3dtr+oLdW4=
github.com/aws/aws-sdk-go v1.44.225/go.mod h1:aVsgQcEevwlmQ7qHE9I3h+dtQgpqhFB+i8Phjh7fkwI=
github.com/aws/aws-sdk-go v1.44.226 h1:lqTNeHJUq0U6dpMGJc9ZcmfTUkuAjklcwewj96RhMlc=
github.com/aws/aws-sdk-go v1.44.226/go.mod h1:aVsgQcEevwlmQ7qHE9I3h+dtQgpqhFB+i8Phjh7fkwI=
github.com/aws/aws-sdk-go v1.44.227 h1:HWNpINBu20yyfEXGHHSIsB955KUjWmZJETqnLIXizN4=
github.com/aws/aws-sdk-go v1.44.227/go.mod h1:aVsgQcEevwlmQ7qHE9I3h+dtQgpqhFB+i8Phjh7fkwI=
github.com/aws/aws-sdk-go v1.44.228 h1:CkkAlgNFf7qPZy/bAssF6lafR/ThMiiwKQEHVfPJixc=
github.com/aws/aws-sdk-go v1.44.228/go.mod h1:aVsgQcEevwlmQ7qHE9I3h+dtQgpqhFB+i8Phjh7fkwI=
github.com/aws/aws-sdk-go v1.44.229 h1:lku0ZSHRzj/qtFVM//QE8VjV6kvJ6CFijDZSsjNaD9A=
github.com/aws/aws-sdk-go v1.44.229/go.mod h1:aVsgQcEevwlmQ7qHE9I3h+dtQgpqhFB+i8Phjh7fkwI=
github.com/aws/aws-sdk-go v1.44.230 h1:dcn7TjLyx/31I+0XytMGYRxDc756BRUzsSYVcSyKZlk=
github.com/aws/aws-sdk-go v1.44.230/go.mod h1:aVsgQcEevwlmQ7qHE9I3h+dtQgpqhFB+i8Phjh7fkwI=
github.com/aws/aws-sdk-go v1.44.231 h1:wH/ihcZzBv8F443PyRoUogWnEdDp1KYtSew7ji9LNIY=
github.com/aws/aws-sdk-go v1.44.231/go.mod h1:aVsgQcEevwlmQ7qHE9I3h+dtQgpqhFB+i8Phjh7fkwI=
github.com/aws/aws-sdk-go v1.44.232 h1:rZ9gv+v7GAcWspk1JMa28L3XamRwoiMzD1vphUIm8Xg=
github.com/aws/aws-sdk-go v1.44.232/go.mod h1:aVsgQcEevwlmQ7qHE9I3h+dtQgpqhFB+i8Phjh7fkwI=
github.com/aws/aws-sdk-go v1.44.233 h1:KB3p/yL32oG/aF4Ld0Ui9CU0tdezvhX6Xdqpb8vyP3U=
github.com/aws/aws-sdk-go v1.44.233/go.mod h1:aVsgQcEevwlmQ7qHE9I3h+dtQgpqhFB+i8Phjh7fkwI=
github.com/aws/aws-sdk-go v1.44.234 h1:8YbQ5AhpgV/cC7jYX8qS34Am/vcn2ZoIFJ1qIgwOL+0=
github.com/aws/aws-sdk-go v1.44.234/go.mod h1:aVsgQcEevwlmQ7qHE9I3h+dtQgpqhFB+i8Phjh7fkwI=
github.com/aws/aws-sdk-go v1.44.235 h1:5MS1ZW1Pr27mmHFqqjuXYwGMlNTW/g6DqU5ekamPMeU=
github.com/aws/aws-sdk-go v1.44.235/go.mod h1:aVsgQcEevwlmQ7qHE9I3h+dtQgpqhFB+i8Phjh7fkwI=
github.com/aws/aws-sdk-go v1.44.236 h1:Ilbq/9B617BNjviTPjZrSbMxUkCb/1M7DqHO6sXOJTc=
github.com/aws/aws-sdk-go v1.44.236/go.mod h1:aVsgQcEevwlmQ7qHE9I3h+dtQgpqhFB+i8Phjh7fkwI=
github.com/aws/aws-sdk-go v1.44.237 h1:gsmVP8eTB6id4tmEsBPcjLlYi1sXtKA047bSn7kJZAI=
github.com/aws/aws-sdk-go v1.44.237/go.mod h1:aVsgQcEevwlmQ7qHE9I3h+dtQgpqhFB+i8Phjh7fkwI=
github.com/aws/aws-sdk-go v1.44.238 h1:qSWVXr/y/SsYyuvwVHYQpzcMKa2UzOjKgqPp7BTGfbo=
github.com/aws/aws-sdk-go v1.44.238/go.mod h1:aVsgQcEevwlmQ7qHE9I3h+dtQgpqhFB+i8Phjh7fkwI=
github.com/aws/aws-sdk-go v1.44.239 h1:AenB6byCYGSBb30q99CGYqFbqpLpWrTidzm7MzxtuPo=
github.com/aws/aws-sdk-go v1.44.239/go.mod h1:aVsgQcEevwlmQ7qHE9I3h+dtQgpqhFB+i8Phjh7fkwI=
github.com/aws/aws-sdk-go v1.44.240 h1:38f1qBTuzotDC6bgSNLw1vrrYaoWL8MNNzwTsGjP6TY=
github.com/aws/aws-sdk-go v1.44.240/go.mod h1:aVsgQcEevwlmQ7qHE9I3h+dtQgpqhFB+i8Phjh7fkwI=
github.com/aws/aws-sdk-go v1.44.241 h1:D3KycZq3HjhmjYGzvTcmX/Ztf/KNmsfTmdDuKdnzZKo=
github.com/aws/aws-sdk-go v1.44.241/go.mod h1:aVsgQcEevwlmQ7qHE9I3h+dtQgpqhFB+i8Phjh7fkwI=
github.com/aws/aws-sdk-go v1.44.242 h1:bb6Rqd7dxh1gTUoVXLJTNC2c+zNaHpLRlNKk0kGN3fc=
github.com/aws/aws-sdk-go v1.44.242/go.mod h1:aVsgQcEevwlmQ7qHE9I3h+dtQgpqhFB+i8Phjh7fkwI=
github.com/aws/aws-sdk-go v1.44.243 h1:f5cNDSVfU/TsH0FXi+DwPjOY4XAv9ehubfw/7yTQQqI=
github.com/aws/aws-sdk-go v1.44.243/go.mod h1:aVsgQcEevwlmQ7qHE9I3h+dtQgpqhFB+i8Phjh7fkwI=
github.com/aws/aws-sdk-go v1.44.244 h1:QzBWLD5HjZHdRZyTMTOWtD9Pobzf1n8/CeTJB4giXi0=
github.com/aws/aws-sdk-go v1.44.244/go.mod h1:aVsgQcEevwlmQ7qHE9I3h+dtQgpqhFB+i8Phjh7fkwI=
github.com/aws/aws-sdk-go v1.44.245 h1:KtY2s4q31/kn33AdV63R5t77mdxsI7rq3YT7Mgo805M=
github.com/aws/aws-sdk-go v1.44.245/go.mod h1:aVsgQcEevwlmQ7qHE9I3h+dtQgpqhFB+i8Phjh7fkwI=
github.com/aws/aws-sdk-go v1.44.246 h1:iLxPX6JU0bxAci9R6/bp8rX0kL871ByCTx0MZlQWv1U=
github.com/aws/aws-sdk-go v1.44.246/go.mod h1:aVsgQcEevwlmQ7qHE9I3h+dtQgpqhFB+i8Phjh7fkwI=
github.com/aws/aws-sdk-go v1.44.247 h1:oUJZr62HT8RIo9nRCwam8iXzXnSIwwndSVGH0/gym+E=
github.com/aws/aws-sdk-go v1.44.247/go.mod h1:aVsgQcEevwlmQ7qHE9I3h+dtQgpqhFB+i8Phjh7fkwI=
github.com/aws/aws-sdk-go v1.44.248 h1:GvkxpgsxqNc03LmhXiaxKpzbyxndnex7V+OThLx4g5M=
github.com/aws/aws-sdk-go v1.44.248/go.mod h1:aVsgQcEevwlmQ7qHE9I3h+dtQgpqhFB+i8Phjh7fkwI=
github.com/aws/aws-sdk-go v1.44.249 h1:UbUvh/oYHdAD3vZjNi316M0NIupJsrqAcJckVuhaCB8=
github.com/aws/aws-sdk-go v1.44.249/go.mod h1:aVsgQcEevwlmQ7qHE9I3h+dtQgpqhFB+i8Phjh7fkwI=
github.com/aws/aws-sdk-go v1.44.250 h1:IuGUO2Hafv/b0yYKI5UPLQShYDx50BCIQhab/H1sX2M=
github.com/aws/aws-sdk-go v1.44.250/go.mod h1:aVsgQcEevwlmQ7qHE9I3h+dtQgpqhFB+i8Phjh7fkwI=
github.com/aws/aws-sdk-go v1.44.251 h1:unCIT7a/BkYvJ/43D0Ts/0aRbWDMQM0SUzBtdsKPwCg=
github.com/aws/aws-sdk-go v1.44.251/go.mod h1:aVsgQcEevwlmQ7qHE9I3h+dtQgpqhFB+i8Phjh7fkwI=
github.com/aws/aws-sdk-go v1.44.252 h1:a8PaCCQsxkeqCkcn7YN/O6C73gS/MOLuBDPjAsb/mv0=
github.com/aws/aws-sdk-go v1.44.252/go.mod h1:aVsgQcEevwlmQ7qHE9I3h+dtQgpqhFB+i8Phjh7fkwI=
github.com/aws/aws-sdk-go v1.44.253 h1:iqDd0okcH4ShfFexz2zzf4VmeDFf6NOMm07pHnEb8iY=
github.com/aws/aws-sdk-go v1.44.253/go.mod h1:aVsgQcEevwlmQ7qHE9I3h+dtQgpqhFB+i8Phjh7fkwI=
github.com/aws/aws-sdk-go v1.44.254 h1:8baW4yal2xGiM/Wm5/ZU10drS8sd+BVjMjPFjJx2ooc=
github.com/aws/aws-sdk-go v1.44.254/go.mod h1:aVsgQcEevwlmQ7qHE9I3h+dtQgpqhFB+i8Phjh7fkwI=
github.com/aws/aws-sdk-go v1.44.255 h1:tOd7OP5V6BeHhANksc7CFB/ILS2mHj3kRhTfZKFnsS0=
github.com/aws/aws-sdk-go v1.44.255/go.mod h1:aVsgQcEevwlmQ7qHE9I3h+dtQgpqhFB+i8Phjh7fkwI=
github.com/aws/aws-sdk-go v1.44.256 h1:O8VH+bJqgLDguqkH/xQBFz5o/YheeZqgcOYIgsTVWY4=
github.com/aws/aws-sdk-go v1.44.256/go.mod h1:aVsgQcEevwlmQ7qHE9I3h+dtQgpqhFB+i8Phjh7fkwI=
github.com/aws/aws-sdk-go v1.44.257 h1:HwelXYZZ8c34uFFhgVw3ybu2gB5fkk8KLj2idTvzZb8=
github.com/aws/aws-sdk-go v1.44.257/go.mod h1:aVsgQcEevwlmQ7qHE9I3h+dtQgpqhFB+i8Phjh7fkwI=
github.com/aws/aws-sdk-go v1.44.258 h1:JVk1lgpsTnb1kvUw3eGhPLcTpEBp6HeSf1fxcYDs2Ho=
github.com/aws/aws-sdk-go v1.44.258/go.mod h1:aVsgQcEevwlmQ7qHE9I3h+dtQgpqhFB+i8Phjh7fkwI=
github.com/aws/aws-sdk-go v1.44.259 h1:7yDn1dcv4DZFMKpu+2exIH5O6ipNj9qXrKfdMUaIJwY=
github.com/aws/aws-sdk-go v1.44.259/go.mod h1:aVsgQcEevwlmQ7qHE9I3h+dtQgpqhFB+i8Phjh7fkwI=
github.com/aws/aws-sdk-go v1.44.260 h1:78IJkDpDPXvLXvIkNAKDP/i3z8Vj+3sTAtQYw/v/2o8=
github.com/aws/aws-sdk-go v1.44.260/go.mod h1:aVsgQcEevwlmQ7qHE9I3h+dtQgpqhFB+i8Phjh7fkwI=
github.com/aws/aws-sdk-go v1.44.262 h1:gyXpcJptWoNkK+DiAiaBltlreoWKQXjAIh6FRh60F+I=
github.com/aws/aws-sdk-go v1.44.262/go.mod h1:aVsgQcEevwlmQ7qHE9I3h+dtQgpqhFB+i8Phjh7fkwI=
github.com/aws/aws-sdk-go v1.44.263 h1:Dkt5fcdtL8QtK3cz0bOTQ84m9dGx+YDeTsDl+wY2yW4=
github.com/aws/aws-sdk-go v1.44.263/go.mod h1:aVsgQcEevwlmQ7qHE9I3h+dtQgpqhFB+i8Phjh7fkwI=
github.com/aws/aws-sdk-go v1.44.264 h1:5klL62ebn6uv3oJ0ixF7K12hKItj8lV3QqWeQPlkFSs=
github.com/aws/aws-sdk-go v1.44.264/go.mod h1:aVsgQcEevwlmQ7qHE9I3h+dtQgpqhFB+i8Phjh7fkwI=
github.com/aws/aws-sdk-go v1.44.265 h1:rlBuD8OYjM5Vfcf7jDa264oVHqlPqY7y7o+JmrjNFUc=
github.com/aws/aws-sdk-go v1.44.265/go.mod h1:aVsgQcEevwlmQ7qHE9I3h+dtQgpqhFB+i8Phjh7fkwI=
github.com/aws/aws-sdk-go v1.44.266 h1:MWd775dcYf7NrwgcHLtlsIbWoWkX8p4vomfNHr88zH0=
github.com/aws/aws-sdk-go v1.44.266/go.mod h1:aVsgQcEevwlmQ7qHE9I3h+dtQgpqhFB+i8Phjh7fkwI=
github.com/aws/aws-sdk-go v1.44.267 h1:Asrp6EMqqRxZvjK0NjzkWcrOk15RnWtupuUrUuZMabk=
github.com/aws/aws-sdk-go v1.44.267/go.mod h1:aVsgQcEevwlmQ7qHE9I3h+dtQgpqhFB+i8Phjh7fkwI=
github.com/aws/aws-sdk-go v1.44.268 h1:WoK20tlAvsvQzTcE6TajoprbXmTbcud6MjhErL4P/38=
github.com/aws/aws-sdk-go v1.44.268/go.mod h1:aVsgQcEevwlmQ7qHE9I3h+dtQgpqhFB+i8Phjh7fkwI=
github.com/aws/aws-sdk-go v1.44.269 h1:NUNq++KMjhWUVVUIx7HYLgBpX16bWfTY1EdQRraLALo=
github.com/aws/aws-sdk-go v1.44.269/go.mod h1:aVsgQcEevwlmQ7qHE9I3h+dtQgpqhFB+i8Phjh7fkwI=
github.com/aws/aws-sdk-go v1.44.270 h1:fRdrwRVO0PpRSks/bNFXSRexA7Zm+k6pvKRpnrpAmeg=
github.com/aws/aws-sdk-go v1.44.270/go.mod h1:aVsgQcEevwlmQ7qHE9I3h+dtQgpqhFB+i8Phjh7fkwI=
github.com/aws/aws-sdk-go v1.44.271 h1:aa+Nu2JcnFmW1TLIz/67SS7KPq1I1Adl4RmExSMjGVo=
github.com/aws/aws-sdk-go v1.44.271/go.mod h1:aVsgQcEevwlmQ7qHE9I3h+dtQgpqhFB+i8Phjh7fkwI=
github.com/aws/aws-sdk-go v1.44.272 h1:cP7BaZCz1a4P80vOxi8OVma8ZcxZNDYyuyU5/bojU+Y=
github.com/aws/aws-sdk-go v1.44.272/go.mod h1:aVsgQcEevwlmQ7qHE9I3h+dtQgpqhFB+i8Phjh7fkwI=
github.com/aws/aws-sdk-go v1.44.273 h1:CX8O0gK+cGrgUyv7bgJ6QQP9mQg7u5mweHdNzULH47c=
github.com/aws/aws-sdk-go v1.44.273/go.mod h1:aVsgQcEevwlmQ7qHE9I3h+dtQgpqhFB+i8Phjh7fkwI=
github.com/aws/aws-sdk-go v1.44.274 h1:vfreSv19e/9Ka9YytOzgzJasrRZfX7dnttLlbh8NKeA=
github.com/aws/aws-sdk-go v1.44.274/go.mod h1:aVsgQcEevwlmQ7qHE9I3h+dtQgpqhFB+i8Phjh7fkwI=
github.com/aws/aws-sdk-go v1.44.275 h1:VqRULgqrigvQLll4e4hXuc568EQAtZQ6jmBzLlQHzSI=
github.com/aws/aws-sdk-go v1.44.275/go.mod h1:aVsgQcEevwlmQ7qHE9I3h+dtQgpqhFB+i8Phjh7fkwI=
github.com/aws/aws-sdk-go v1.44.276 h1:ywPlx9C5Yc482dUgAZ9bHpQ6onVvJvYE9FJWsNDCEy0=
github.com/aws/aws-sdk-go v1.44.276/go.mod h1:aVsgQcEevwlmQ7qHE9I3h+dtQgpqhFB+i8Phjh7fkwI=
github.com/aws/aws-sdk-go v1.44.277 h1:YHmyzBPARTJ7LLYV1fxbfEbQOaUh3kh52hb7nBvX3BQ=
github.com/aws/aws-sdk-go v1.44.277/go.mod h1:aVsgQcEevwlmQ7qHE9I3h+dtQgpqhFB+i8Phjh7fkwI=
github.com/aws/aws-sdk-go v1.44.278 h1:jJFDO/unYFI48WQk7UGSyO3rBA/gnmRpNYNuAw/fPgE=
github.com/aws/aws-sdk-go v1.44.278/go.mod h1:aVsgQcEevwlmQ7qHE9I3h+dtQgpqhFB+i8Phjh7fkwI=
github.com/aws/aws-sdk-go v1.44.279 h1:g23dxnYjIiPlQo0gIKNR0zVPsSvo1bj5frWln+5sfhk=
github.com/aws/aws-sdk-go v1.44.279/go.mod h1:aVsgQcEevwlmQ7qHE9I3h+dtQgpqhFB+i8Phjh7fkwI=
github.com/aws/aws-sdk-go v1.44.282 h1:ZPB9QhwxmMIEC8ja0DdFowOl5fODWaZ6s2cZ40fx6r8=
github.com/aws/aws-sdk-go v1.44.282/go.mod h1:aVsgQcEevwlmQ7qHE9I3h+dtQgpqhFB+i8Phjh7fkwI=
github.com/aws/aws-sdk-go v1.44.283 h1:ObMaIvdhHJM2sIrbcljd7muHBaFb+Kp/QsX6iflGDg4=
github.com/aws/aws-sdk-go v1.44.283/go.mod h1:aVsgQcEevwlmQ7qHE9I3h+dtQgpqhFB+i8Phjh7fkwI=
github.com/aws/aws-sdk-go v1.44.284 h1:Oc5Kubi43/VCkerlt3ZU3KpBju6BpNkoG3s7E8vj/O8=
github.com/aws/aws-sdk-go v1.44.284/go.mod h1:aVsgQcEevwlmQ7qHE9I3h+dtQgpqhFB+i8Phjh7fkwI=
github.com/aws/aws-sdk-go v1.44.285 h1:rgoWYl+NdmKzRgoi/fZLEtGXOjCkcWIa5jPH02Uahdo=
github.com/aws/aws-sdk-go v1.44.285/go.mod h1:aVsgQcEevwlmQ7qHE9I3h+dtQgpqhFB+i8Phjh7fkwI=
github.com/aws/aws-sdk-go v1.44.286 h1:bLnBVutuyCGYZgQlu3wiXOJXtgI7EIWAaDIqVVudF3w=
github.com/aws/aws-sdk-go v1.44.286/go.mod h1:aVsgQcEevwlmQ7qHE9I3h+dtQgpqhFB+i8Phjh7fkwI=
github.com/aws/aws-sdk-go v1.44.287 h1:CUq2/h0gZ2LOCF61AgQSEMPMfas4gTiQfHBO88gGET0=
github.com/aws/aws-sdk-go v1.44.287/go.mod h1:aVsgQcEevwlmQ7qHE9I3h+dtQgpqhFB+i8Phjh7fkwI=
github.com/aws/aws-sdk-go v1.44.288 h1:Ln7fIao/nl0ACtelgR1I4AiEw/GLNkKcXfCaHupUW5Q=
github.com/aws/aws-sdk-go v1.44.288/go.mod h1:aVsgQcEevwlmQ7qHE9I3h+dtQgpqhFB+i8Phjh7fkwI=
github.com/aws/aws-sdk-go v1.44.289 h1:5CVEjiHFvdiVlKPBzv0rjG4zH/21W/onT18R5AH/qx0=
github.com/aws/aws-sdk-go v1.44.289/go.mod h1:aVsgQcEevwlmQ7qHE9I3h+dtQgpqhFB+i8Phjh7fkwI=
github.com/aws/aws-sdk-go v1.44.290 h1:Md4+os9DQtJjow0lWLMzeJljsimD+XS2xwwHDr5Z+Lk=
github.com/aws/aws-sdk-go v1.44.290/go.mod h1:aVsgQcEevwlmQ7qHE9I3h+dtQgpqhFB+i8Phjh7fkwI=
github.com/aws/aws-sdk-go v1.44.291 h1:JVgIyvdYm/A6iCHD0UIS/Hvu/GVHjpW7bN3mwG6sHlU=
github.com/aws/aws-sdk-go v1.44.291/go.mod h1:aVsgQcEevwlmQ7qHE9I3h+dtQgpqhFB+i8Phjh7fkwI=
github.com/aws/aws-sdk-go v1.44.292 h1:sPDmWCIv69lunIh18zDkCBNXCbHoqTx9O4uYNHNrSKo=
github.com/aws/aws-sdk-go v1.44.292/go.mod h1:aVsgQcEevwlmQ7qHE9I3h+dtQgpqhFB+i8Phjh7fkwI=
github.com/aws/aws-sdk-go v1.44.293 h1:oBPrQqsyMYe61Sl/xKVvQFflXjPwYH11aKi8QR3Nhts=
github.com/aws/aws-sdk-go v1.44.293/go.mod h1:aVsgQcEevwlmQ7qHE9I3h+dtQgpqhFB+i8Phjh7fkwI=
github.com/aws/aws-sdk-go v1.44.294 h1:3x7GaEth+pDU9HwFcAU0awZlEix5CEdyIZvV08SlHa8=
github.com/aws/aws-sdk-go v1.44.294/go.mod h1:aVsgQcEevwlmQ7qHE9I3h+dtQgpqhFB+i8Phjh7fkwI=
github.com/aws/aws-sdk-go v1.44.295 h1:SGjU1+MqttXfRiWHD6WU0DRhaanJgAFY+xIhEaugV8Y=
github.com/aws/aws-sdk-go v1.44.295/go.mod h1:aVsgQcEevwlmQ7qHE9I3h+dtQgpqhFB+i8Phjh7fkwI=
github.com/aws/aws-sdk-go v1.44.296 h1:ALRZIIKI+6EBWDiWP4RHWmOtHZ7dywRzenL4NWgNI2A=
github.com/aws/aws-sdk-go v1.44.296/go.mod h1:aVsgQcEevwlmQ7qHE9I3h+dtQgpqhFB+i8Phjh7fkwI=
github.com/aws/aws-sdk-go v1.44.297 h1:uL4EV0gQxotQVYegIoBqK079328MOJqgG95daFYSkAM=
github.com/aws/aws-sdk-go v1.44.297/go.mod h1:aVsgQcEevwlmQ7qHE9I3h+dtQgpqhFB+i8Phjh7fkwI=
github.com/aws/aws-sdk-go v1.44.298 h1:5qTxdubgV7PptZJmp/2qDwD2JL187ePL7VOxsSh1i3g=
github.com/aws/aws-sdk-go v1.44.298/go.mod h1:aVsgQcEevwlmQ7qHE9I3h+dtQgpqhFB+i8Phjh7fkwI=
github.com/aws/aws-sdk-go v1.44.299 h1:HVD9lU4CAFHGxleMJp95FV/sRhtg7P4miHD1v88JAQk=
github.com/aws/aws-sdk-go v1.44.299/go.mod h1:aVsgQcEevwlmQ7qHE9I3h+dtQgpqhFB+i8Phjh7fkwI=
github.com/aws/aws-sdk-go v1.44.300 h1:Zn+3lqgYahIf9yfrwZ+g+hq/c3KzUBaQ8wqY/ZXiAbY=
github.com/aws/aws-sdk-go v1.44.300/go.mod h1:aVsgQcEevwlmQ7qHE9I3h+dtQgpqhFB+i8Phjh7fkwI=
github.com/aws/aws-sdk-go v1.44.301 h1:VofuXktwHFTBUvoPiHxQis/3uKgu0RtgUwLtNujd3Zs=
github.com/aws/aws-sdk-go v1.44.301/go.mod h1:aVsgQcEevwlmQ7qHE9I3h+dtQgpqhFB+i8Phjh7fkwI=
github.com/aws/aws-sdk-go v1.44.302 h1:ST3ko6GrJKn3Xi+nAvxjG3uk/V1pW8KC52WLeIxqqNk=
github.com/aws/aws-sdk-go v1.44.302/go.mod h1:aVsgQcEevwlmQ7qHE9I3h+dtQgpqhFB+i8Phjh7fkwI=
github.com/aws/aws-sdk-go v1.44.303 h1:GybJmj22u3KVMghsqYZoicS3NpiWiNaPE1+5bhvkxIs=
github.com/aws/aws-sdk-go v1.44.303/go.mod h1:aVsgQcEevwlmQ7qHE9I3h+dtQgpqhFB+i8Phjh7fkwI=
github.com/aws/aws-sdk-go v1.44.304 h1:crcJBVeewWcVAXDQChzJWZYGFq9i1TYLycAtQ6Xpi4c=
github.com/aws/aws-sdk-go v1.44.304/go.mod h1:aVsgQcEevwlmQ7qHE9I3h+dtQgpqhFB+i8Phjh7fkwI=
github.com/aws/aws-sdk-go v1.44.305 h1:fU/5lY3WyBjGU9fkmQYd8o4fZu+2RaOv/i+sPaJVvFg=
github.com/aws/aws-sdk-go v1.44.305/go.mod h1:aVsgQcEevwlmQ7qHE9I3h+dtQgpqhFB+i8Phjh7fkwI=
github.com/aws/aws-sdk-go v1.44.306 h1:H487V/1N09BDxeGR7oR+LloC2uUpmf4atmqJaBgQOIs=
github.com/aws/aws-sdk-go v1.44.306/go.mod h1:aVsgQcEevwlmQ7qHE9I3h+dtQgpqhFB+i8Phjh7fkwI=
github.com/aws/aws-sdk-go v1.44.307 h1:2R0/EPgpZcFSUwZhYImq/srjaOrOfLv5MNRzrFyAM38=
github.com/aws/aws-sdk-go v1.44.307/go.mod h1:aVsgQcEevwlmQ7qHE9I3h+dtQgpqhFB+i8Phjh7fkwI=
github.com/aws/aws-sdk-go v1.44.308 h1:XKu+76UHsD5LaiU2Zb1q42uWakw80Az7x39jJXXahos=
github.com/aws/aws-sdk-go v1.44.308/go.mod h1:aVsgQcEevwlmQ7qHE9I3h+dtQgpqhFB+i8Phjh7fkwI=
github.com/aws/aws-sdk-go v1.44.309 h1:IPJOFBzXekakxmEpDwd4RTKmmBR6LIAiXgNsM51bWbU=
github.com/aws/aws-sdk-go v1.44.309/go.mod h1:aVsgQcEevwlmQ7qHE9I3h+dtQgpqhFB+i8Phjh7fkwI=
github.com/aws/aws-sdk-go v1.44.310 h1:ged78Fkr+7vMRHimRVzRCf/T9otuxLhipetqTPt9kqk=
github.com/aws/aws-sdk-go v1.44.310/go.mod h1:aVsgQcEevwlmQ7qHE9I3h+dtQgpqhFB+i8Phjh7fkwI=
github.com/aws/aws-sdk-go v1.44.311 h1:60i8hyVMOXqabKJQPCq4qKRBQ6hRafI/WOcDxGM+J7Q=
github.com/aws/aws-sdk-go v1.44.311/go.mod h1:aVsgQcEevwlmQ7qHE9I3h+dtQgpqhFB+i8Phjh7fkwI=
github.com/aws/aws-sdk-go v1.44.312 h1:llrElfzeqG/YOLFFKjg1xNpZCFJ2xraIi3PqSuP+95k=
github.com/aws/aws-sdk-go v1.44.312/go.mod h1:aVsgQcEevwlmQ7qHE9I3h+dtQgpqhFB+i8Phjh7fkwI=
github.com/aws/aws-sdk-go v1.45.11 h1:8qiSrA12+NRr+2MVpMApi3JxtiFFjDVU1NeWe+80bYg=
github.com/aws/aws-sdk-go v1.45.11/go.mod h1:aVsgQcEevwlmQ7qHE9I3h+dtQgpqhFB+i8Phjh7fkwI=
github.com/benbjohnson/clock v1.1.0 h1:Q92kusRqC1XV2MjkWETPvjJVqKetz1OzxZB7mHJLju8=
github.com/davecgh/go-spew v1.1.0/go.mod h1:J7Y8YcW2NihsgmVo/mv3lAwl/skON4iLHjSsI+c5H38=
github.com/davecgh/go-spew v1.1.1 h1:vj9j/u1bqnvCEfJOwUhtlOARqs3+rkHYY13jYWTU97c=
github.com/davecgh/go-spew v1.1.1/go.mod h1:J7Y8YcW2NihsgmVo/mv3lAwl/skON4iLHjSsI+c5H38=
github.com/jessevdk/go-flags v1.5.0 h1:1jKYvbxEjfUl0fmqTCOfonvskHHXMjBySTLW4y9LFvc=
github.com/jessevdk/go-flags v1.5.0/go.mod h1:Fw0T6WPc1dYxT4mKEZRfG5kJhaTDP9pj1c2EWnYs/m4=
github.com/jmespath/go-jmespath v0.4.0 h1:BEgLn5cpjn8UN1mAw4NjwDrS35OdebyEtFe+9YPoQUg=
github.com/jmespath/go-jmespath v0.4.0/go.mod h1:T8mJZnbsbmF+m6zOOFylbeCJqk5+pHWvzYPziyZiYoo=
github.com/jmespath/go-jmespath/internal/testify v1.5.1 h1:shLQSRRSCCPj3f2gpwzGwWFoC7ycTf1rcQZHOlsJ6N8=
github.com/jmespath/go-jmespath/internal/testify v1.5.1/go.mod h1:L3OGu8Wl2/fWfCI6z80xFu9LTZmf1ZRjMHUOPmWr69U=
github.com/lytics/slackhook v0.0.0-20160630154540-a52fd449b27d h1:xkAtlCMaJtPNu1SUtE1iJAyit4PJ5bR7S8cpG1oyajY=
github.com/lytics/slackhook v0.0.0-20160630154540-a52fd449b27d/go.mod h1:y3jHavcVHt7X5GwMqtm+zyha4pn9JEFMPZxK8mleI6Y=
github.com/pkg/errors v0.9.1 h1:FEBLx1zS214owpjy7qsBeixbURkuhQAwrK5UwLGTwt4=
github.com/pkg/errors v0.9.1/go.mod h1:bwawxfHBFNV+L2hUp1rHADufV3IMtnDRdf1r5NINEl0=
github.com/pmezard/go-difflib v1.0.0 h1:4DBwDE0NGyQoBHbLQYPwSUPoCMWR5BEzIk/f1lZbAQM=
github.com/pmezard/go-difflib v1.0.0/go.mod h1:iKH77koFhYxTK1pcRnkKkqfTogsbg7gZNVY4sRDYZ/4=
github.com/stretchr/objx v0.1.0/go.mod h1:HFkY916IF+rwdDfMAkV7OtwuqBVzrE8GR6GFx+wExME=
github.com/stretchr/testify v1.3.0/go.mod h1:M5WIy9Dh21IEIfnGCwXGc5bZfKNJtfHm1UVUgZn+9EI=
github.com/stretchr/testify v1.8.0 h1:pSgiaMZlXftHpm5L7V1+rVB+AZJydKsMxsQBIJw4PKk=
github.com/stretchr/testify v1.8.1 h1:w7B6lhMri9wdJUVmEZPGGhZzrYTPvgJArz7wNPgYKsk=
github.com/yuin/goldmark v1.4.13/go.mod h1:6yULJ656Px+3vBD8DxQVa3kxgyrAnzto9xy5taEt/CY=
go.uber.org/atomic v1.7.0 h1:ADUqmZGgLDDfbSL9ZmPxKTybcoEYHgpYfELNoN+7hsw=
go.uber.org/atomic v1.7.0/go.mod h1:fEN4uk6kAWBTFdckzkM89CLk9XfWZrxpCo0nPH17wJc=
go.uber.org/atomic v1.11.0 h1:ZvwS0R+56ePWxUNi+Atn9dWONBPp/AUETXlHW0DxSjE=
go.uber.org/atomic v1.11.0/go.mod h1:LUxbIzbOniOlMKjJjyPfpl4v+PKK2cNJn91OQbhoJI0=
go.uber.org/goleak v1.1.11 h1:wy28qYRKZgnJTxGxvye5/wgWr1EKjmUDGYox5mGlRlI=
go.uber.org/goleak v1.2.0 h1:xqgm/S+aQvhWFTtR0XK3Jvg7z8kGV8P4X14IzwN3Eqk=
go.uber.org/multierr v1.6.0 h1:y6IPFStTAIT5Ytl7/XYmHvzXQ7S3g/IeZW9hyZ5thw4=
go.uber.org/multierr v1.6.0/go.mod h1:cdWPpRnG4AhwMwsgIHip0KRBQjJy5kYEpYjJxpXp9iU=
go.uber.org/multierr v1.11.0 h1:blXXJkSxSSfBVBlC76pxqeO+LN3aDfLQo+309xJstO0=
go.uber.org/multierr v1.11.0/go.mod h1:20+QtiLqy0Nd6FdQB9TLXag12DsQkrbs3htMFfDN80Y=
go.uber.org/zap v1.23.0 h1:OjGQ5KQDEUawVHxNwQgPpiypGHOxo2mNZsOqTak4fFY=
go.uber.org/zap v1.23.0/go.mod h1:D+nX8jyLsMHMYrln8A0rJjFt/T/9/bGgIhAqxv5URuY=
go.uber.org/zap v1.24.0 h1:FiJd5l1UOLj0wCgbSE0rwwXHzEdAZS6hiiSnxJN/D60=
go.uber.org/zap v1.24.0/go.mod h1:2kMP+WWQ8aoFoedH3T2sq6iJ2yDWpHbP0f6MQbS9Gkg=
go.uber.org/zap v1.26.0 h1:sI7k6L95XOKS281NhVKOFCUNIvv9e0w4BF8N3u+tCRo=
go.uber.org/zap v1.26.0/go.mod h1:dtElttAiwGvoJ/vj4IwHBS/gXsEu/pZ50mUIRWuG0so=
golang.org/x/crypto v0.0.0-20190308221718-c2843e01d9a2/go.mod h1:djNgcEr1/C05ACkg1iLfiJU5Ep61QUkGW8qpdssI0+w=
golang.org/x/crypto v0.0.0-20210921155107-089bfa567519/go.mod h1:GvvjBRRGRdwPK5ydBHafDWAxML/pGHZbMvKqRZ5+Abc=
golang.org/x/mod v0.6.0-dev.0.20220419223038-86c51ed26bb4/go.mod h1:jJ57K6gSWd91VN4djpZkiMVwK6gcyfeH4XE8wZrZaV4=
golang.org/x/net v0.0.0-20190620200207-3b0461eec859/go.mod h1:z5CRVTTTmAJ677TzLLGU+0bjPO0LkuOLi4/5GtJWs/s=
golang.org/x/net v0.0.0-20210226172049-e18ecbb05110/go.mod h1:m0MpNAwzfU5UDzcl9v0D8zg8gWTRqZa9RBIspLL5mdg=
golang.org/x/net v0.0.0-20220127200216-cd36cc0744dd h1:O7DYs+zxREGLKzKoMQrtrEacpb0ZVXA5rIwylE2Xchk=
golang.org/x/net v0.0.0-20220127200216-cd36cc0744dd/go.mod h1:CfG3xpIq0wQ8r1q4Su4UZFWDARRcnwPjda9FqA0JpMk=
golang.org/x/net v0.0.0-20220722155237-a158d28d115b/go.mod h1:XRhObCWvk6IyKnWLug+ECip1KBveYUHfp+8e9klMJ9c=
golang.org/x/net v0.1.0/go.mod h1:Cx3nUiGt4eDBEyega/BKRp+/AlGL8hYe7U9odMt2Cco=
golang.org/x/sync v0.0.0-20190423024810-112230192c58/go.mod h1:RxMgew5VJxzue5/jJTE5uejpjVlOe/izrB70Jof72aM=
golang.org/x/sync v0.0.0-20220722155255-886fb9371eb4/go.mod h1:RxMgew5VJxzue5/jJTE5uejpjVlOe/izrB70Jof72aM=
golang.org/x/sys v0.0.0-20190215142949-d0b11bdaac8a/go.mod h1:STP8DvDyc/dI5b8T5hshtkjS+E42TnysNCUPdjciGhY=
golang.org/x/sys v0.0.0-20201119102817-f84b799fce68/go.mod h1:h1NjWce9XRLGQEsW7wpKNCjG9DtNlClVuFLEZdDNbEs=
golang.org/x/sys v0.0.0-20210320140829-1e4c9ba3b0c4/go.mod h1:h1NjWce9XRLGQEsW7wpKNCjG9DtNlClVuFLEZdDNbEs=
golang.org/x/sys v0.0.0-20210615035016-665e8c7367d1/go.mod h1:oPkhp1MJrh7nUepCBck5+mAzfO9JrbApNNgaTdGDITg=
golang.org/x/sys v0.0.0-20211216021012-1d35b9e2eb4e h1:fLOSk5Q00efkSvAm+4xcoXD+RRmLmmulPn5I3Y9F2EM=
golang.org/x/sys v0.0.0-20211216021012-1d35b9e2eb4e/go.mod h1:oPkhp1MJrh7nUepCBck5+mAzfO9JrbApNNgaTdGDITg=
golang.org/x/sys v0.0.0-20220520151302-bc2c85ada10a/go.mod h1:oPkhp1MJrh7nUepCBck5+mAzfO9JrbApNNgaTdGDITg=
golang.org/x/sys v0.0.0-20220722155257-8c9f86f7a55f/go.mod h1:oPkhp1MJrh7nUepCBck5+mAzfO9JrbApNNgaTdGDITg=
golang.org/x/sys v0.1.0 h1:kunALQeHf1/185U1i0GOB/fy1IPRDDpuoOOqRReG57U=
golang.org/x/sys v0.1.0/go.mod h1:oPkhp1MJrh7nUepCBck5+mAzfO9JrbApNNgaTdGDITg=
golang.org/x/sys v0.12.0 h1:CM0HF96J0hcLAwsHPJZjfdNzs0gftsLfgKt57wWHJ0o=
golang.org/x/sys v0.12.0/go.mod h1:oPkhp1MJrh7nUepCBck5+mAzfO9JrbApNNgaTdGDITg=
golang.org/x/term v0.0.0-20201126162022-7de9c90e9dd1/go.mod h1:bj7SfCRtBDWHUb9snDiAeCFNEtKQo2Wmx5Cou7ajbmo=
golang.org/x/term v0.0.0-20210927222741-03fcf44c2211/go.mod h1:jbD1KX2456YbFQfuXm/mYQcufACuNUgVhRMnK/tPxf8=
golang.org/x/term v0.1.0/go.mod h1:jbD1KX2456YbFQfuXm/mYQcufACuNUgVhRMnK/tPxf8=
golang.org/x/text v0.3.0/go.mod h1:NqM8EUOU14njkJ3fqMW+pc6Ldnwhi/IjpwHt7yyuwOQ=
golang.org/x/text v0.3.3/go.mod h1:5Zoc/QRtKVWzQhOtBMvqHzDpF6irO9z98xDceosuGiQ=
golang.org/x/text v0.3.7 h1:olpwvP2KacW1ZWvsR7uQhoyTYvKAupfQrRGBFM352Gk=
golang.org/x/text v0.3.7/go.mod h1:u+2+/6zg+i71rQMx5EYifcz6MCKuco9NR6JIITiCfzQ=
golang.org/x/text v0.4.0/go.mod h1:mrYo+phRRbMaCq/xk9113O4dZlRixOauAjOtrjsXDZ8=
golang.org/x/tools v0.0.0-20180917221912-90fa682c2a6e/go.mod h1:n7NCudcB/nEzxVGmLbDWY5pfWTLqBcC2KZ6jyYvM4mQ=
golang.org/x/tools v0.0.0-20191119224855-298f0cb1881e/go.mod h1:b+2E5dAYhXwXZwtnZ6UAqBI28+e2cm9otk0dWdXHAEo=
golang.org/x/tools v0.1.12/go.mod h1:hNGJHUnrk76NpqgfD5Aqm5Crs+Hm0VOH/i9J2+nxYbc=
golang.org/x/xerrors v0.0.0-20190717185122-a985d3407aa7/go.mod h1:I/5z698sn9Ka8TeJc9MKroUUfqBBauWjQqLJ2OPfmY0=
gopkg.in/check.v1 v0.0.0-20161208181325-20d25e280405/go.mod h1:Co6ibVJAznAaIkqp8huTwlJQCZ016jof/cbN4VW5Yz0=
gopkg.in/yaml.v2 v2.2.8 h1:obN1ZagJSUGI0Ek/LBmuj4SNLPfIny3KsKFopxRdj10=
gopkg.in/yaml.v2 v2.2.8/go.mod h1:hI93XBmqTisBFMUTm0b8Fm+jr3Dg1NNxqwp+5A1VGuI=
gopkg.in/yaml.v3 v3.0.1 h1:fxVm/GzAzEWqLHuvctI91KS9hhNmmWOoWu0XTYJS7CA=
