# This file is autogenerated, do not edit; changes may be undone by the next 'dep ensure'.


[[projects]]
  name = "github.com/aws/aws-sdk-go"
  packages = [
    "aws",
    "aws/awserr",
    "aws/awsutil",
    "aws/client",
    "aws/client/metadata",
    "aws/corehandlers",
    "aws/credentials",
    "aws/credentials/ec2rolecreds",
    "aws/credentials/endpointcreds",
    "aws/credentials/stscreds",
    "aws/defaults",
    "aws/ec2metadata",
    "aws/endpoints",
    "aws/request",
    "aws/session",
    "aws/signer/v4",
    "internal/shareddefaults",
    "private/protocol",
    "private/protocol/ec2query",
    "private/protocol/query",
    "private/protocol/query/queryutil",
    "private/protocol/rest",
    "private/protocol/restxml",
    "private/protocol/xml/xmlutil",
    "service/cloudwatch",
    "service/ec2",
    "service/rds",
    "service/s3",
    "service/sts"
  ]
  revision = "f62f7b7c5425f2b1a630932617477bdeac6dc371"
  version = "v1.12.55"

[[projects]]
  name = "github.com/go-ini/ini"
  packages = ["."]
  revision = "32e4c1e6bc4e7d0d8451aa6b75200d19e37a536a"
  version = "v1.32.0"

[[projects]]
  name = "github.com/jmespath/go-jmespath"
  packages = ["."]
  revision = "0b12d6b5"

[[projects]]
  branch = "master"
  name = "github.com/jstemmer/go-junit-report"
  packages = [
    ".",
    "parser"
  ]
  revision = "d9db44172dfb1d1ba6d68749e38ea73f64525e93"

[solve-meta]
  analyzer-name = "dep"
  analyzer-version = 1
  inputs-digest = "863653d9be671cbe86dc04aca660a862ea017ae4db595876227360e90cdee469"
  solver-name = "gps-cdcl"
  solver-version = 1
